
Microsoft Visual Studio Solution File, Format Version 12.00
# Visual Studio Version 16
VisualStudioVersion = 16.0.30907.101
MinimumVisualStudioVersion = 10.0.40219.1
Project("{FAE04EC0-301F-11D3-BF4B-00C04F79EFBC}") = "Shopping.Client", "Shopping.Client\Shopping.Client.csproj", "{3C21569E-8151-43A5-BD33-A557A99E1998}"
EndProject
Global
	GlobalSection(SolutionConfigurationPlatforms) = preSolution
		Debug|Any CPU = Debug|Any CPU
		Release|Any CPU = Release|Any CPU
	EndGlobalSection
	GlobalSection(ProjectConfigurationPlatforms) = postSolution
		{3C21569E-8151-43A5-BD33-A557A99E1998}.Debug|Any CPU.ActiveCfg = Debug|Any CPU
		{3C21569E-8151-43A5-BD33-A557A99E1998}.Debug|Any CPU.Build.0 = Debug|Any CPU
		{3C21569E-8151-43A5-BD33-A557A99E1998}.Release|Any CPU.ActiveCfg = Release|Any CPU
		{3C21569E-8151-43A5-BD33-A557A99E1998}.Release|Any CPU.Build.0 = Release|Any CPU
	EndGlobalSection
	GlobalSection(SolutionProperties) = preSolution
		HideSolutionNode = FALSE
	EndGlobalSection
	GlobalSection(ExtensibilityGlobals) = postSolution
		SolutionGuid = {5E03AE32-13A6-4678-AD45-EE8426208EB9}
	EndGlobalSection
EndGlobal
